{
	"name": "semaphore-config",
	"version": "0.0.1",
	"lockfileVersion": 1,
	"requires": true,
	"dependencies": {
		"@types/node": {
			"version": "12.12.3",
			"resolved": "https://registry.npmjs.org/@types/node/-/node-12.12.3.tgz",
			"integrity": "sha512-opgSsy+cEF9N8MgaVPnWVtdJ3o4mV2aMHvDq7thkQUFt0EuOHJon4rQpJfhjmNHB+ikl0Cd6WhWIErOyQ+f7tw==",
			"dev": true
		},
		"argparse": {
			"version": "1.0.10",
			"resolved": "https://registry.npmjs.org/argparse/-/argparse-1.0.10.tgz",
			"integrity": "sha512-o5Roy6tNG4SL/FOkCAN6RzjiakZS25RLYFrcMttJqbdd8BWrnA+fGz57iN5Pb06pvBGvl5gQ0B48dJlslXvoTg==",
			"requires": {
				"sprintf-js": "~1.0.2"
			}
		},
		"config": {
			"version": "3.2.4",
			"resolved": "https://registry.npmjs.org/config/-/config-3.2.4.tgz",
			"integrity": "sha512-H1XIGfnU1EAkfjSLn9ZvYDRx9lOezDViuzLDgiJ/lMeqjYe3q6iQfpcLt2NInckJgpAeekbNhQkmnnbdEDs9rw==",
			"requires": {
				"json5": "^1.0.1"
			}
		},
		"esprima": {
			"version": "4.0.1",
			"resolved": "https://registry.npmjs.org/esprima/-/esprima-4.0.1.tgz",
			"integrity": "sha512-eGuFFw7Upda+g4p+QHvnW0RyTX/SVeJBDM/gCtMARO0cLuT2HcEKnTPvhjV6aGeqrCB/sbNop0Kszm0jsaWU4A=="
		},
		"inherits": {
			"version": "2.0.3",
			"resolved": "https://registry.npmjs.org/inherits/-/inherits-2.0.3.tgz",
			"integrity": "sha1-Yzwsg+PaQqUC9SRmAiSA9CCCYd4="
		},
		"js-yaml": {
			"version": "3.13.1",
			"resolved": "https://registry.npmjs.org/js-yaml/-/js-yaml-3.13.1.tgz",
			"integrity": "sha512-YfbcO7jXDdyj0DGxYVSlSeQNHbD7XPWvrVWeVUujrQEoZzWJIRrCPoyk6kL6IAjAG2IolMK4T0hNUe0HOUs5Jw==",
			"requires": {
				"argparse": "^1.0.7",
				"esprima": "^4.0.0"
			}
		},
		"json5": {
			"version": "1.0.1",
			"resolved": "https://registry.npmjs.org/json5/-/json5-1.0.1.tgz",
			"integrity": "sha512-aKS4WQjPenRxiQsC93MNfjx+nbF4PAdYzmd/1JIj8HYzqfbu86beTuNgXDzPknWk0n0uARlyewZo4s++ES36Ow==",
			"requires": {
				"minimist": "^1.2.0"
			}
		},
		"minimist": {
			"version": "1.2.0",
			"resolved": "https://registry.npmjs.org/minimist/-/minimist-1.2.0.tgz",
			"integrity": "sha1-o1AIsg9BOD7sH7kU9M1d95omQoQ="
		},
		"path": {
			"version": "0.12.7",
			"resolved": "https://registry.npmjs.org/path/-/path-0.12.7.tgz",
			"integrity": "sha1-1NwqUGxM4hl+tIHr/NWzbAFAsQ8=",
			"requires": {
				"process": "^0.11.1",
				"util": "^0.10.3"
			}
		},
		"process": {
			"version": "0.11.10",
			"resolved": "https://registry.npmjs.org/process/-/process-0.11.10.tgz",
			"integrity": "sha1-czIwDoQBYb2j5podHZGn1LwW8YI="
		},
		"sprintf-js": {
			"version": "1.0.3",
			"resolved": "https://registry.npmjs.org/sprintf-js/-/sprintf-js-1.0.3.tgz",
			"integrity": "sha1-BOaSb2YolTVPPdAVIDYzuFcpfiw="
		},
		"util": {
			"version": "0.10.4",
			"resolved": "https://registry.npmjs.org/util/-/util-0.10.4.tgz",
			"integrity": "sha512-0Pm9hTQ3se5ll1XihRic3FDIku70C+iHUdT/W926rSgHV5QgXsYbKZN8MSC3tJtSkhuROzvsQjAaFENRXr+19A==",
			"requires": {
				"inherits": "2.0.3"
			}
		}
	}
}
